{
  "requires": true,
  "lockfileVersion": 1,
  "dependencies": {
    "@editorjs/editorjs": {
      "version": "2.22.2",
      "resolved": "https://registry.npmjs.org/@editorjs/editorjs/-/editorjs-2.22.2.tgz",
      "integrity": "sha512-rPCv7Z5LZebreQaaL4DZuWzoVGEqwB+P7BF1dsefGQNBmLyeLF412topeW2b6e+g4l1oQ7t75kCOACNTEyYYIA==",
      "requires": {
        "codex-notifier": "^1.1.2",
        "codex-tooltip": "^1.0.2",
        "nanoid": "^3.1.22"
      }
    },
    "codemirror": {
      "version": "5.62.2",
      "resolved": "https://registry.npmjs.org/codemirror/-/codemirror-5.62.2.tgz",
      "integrity": "sha512-tVFMUa4J3Q8JUd1KL9yQzQB0/BJt7ZYZujZmTPgo/54Lpuq3ez4C8x/ATUY/wv7b7X3AUq8o3Xd+2C5ZrCGWHw=="
    },
    "codex-notifier": {
      "version": "1.1.2",
      "resolved": "https://registry.npmjs.org/codex-notifier/-/codex-notifier-1.1.2.tgz",
      "integrity": "sha512-DCp6xe/LGueJ1N5sXEwcBc3r3PyVkEEDNWCVigfvywAkeXcZMk9K41a31tkEFBW0Ptlwji6/JlAb49E3Yrxbtg=="
    },
    "codex-tooltip": {
      "version": "1.0.2",
      "resolved": "https://registry.npmjs.org/codex-tooltip/-/codex-tooltip-1.0.2.tgz",
      "integrity": "sha512-oC+Bu5X/zyhbPydgMSLWKoM/+vkJMqaLWu3Dt/jZgXS3MWK23INwC5DMBrVXZSufAFk0i0SUni38k9rLMyZn/w=="
    },
    "monaco-editor": {
      "version": "0.26.1",
      "resolved": "https://registry.npmjs.org/monaco-editor/-/monaco-editor-0.26.1.tgz",
      "integrity": "sha512-mm45nUrBDk0DgZKgbD7+bhDOtcAFNGPJJRAdS6Su1kTGl6XEgC7U3xOmDUW/0RrLf+jlvCGaqLvD4p2VjwuwwQ=="
    },
    "nanoid": {
      "version": "3.1.23",
      "resolved": "https://registry.npmjs.org/nanoid/-/nanoid-3.1.23.tgz",
      "integrity": "sha512-FiB0kzdP0FFVGDKlRLEQ1BgDzU87dy5NnzjeW9YZNt+/c3+q82EQDUwniSAUxp/F0gFNI1ZhKU1FqYsMuqZVnw=="
    }
  }
}
